
Microsoft Visual Studio Solution File, Format Version 12.00
# Visual Studio Version 16
VisualStudioVersion = 16.0.30503.244
MinimumVisualStudioVersion = 10.0.40219.1
Project("{9A19103F-16F7-4668-BE54-9A1E7A4F7556}") = "blobtriggermsidemo", "blobtriggermsidemo\blobtriggermsidemo.csproj", "{887A7BF6-0A52-456A-BEF2-37B9E616334D}"
EndProject
Global
	GlobalSection(SolutionConfigurationPlatforms) = preSolution
		Debug|Any CPU = Debug|Any CPU
		Release|Any CPU = Release|Any CPU
	EndGlobalSection
	GlobalSection(ProjectConfigurationPlatforms) = postSolution
		{887A7BF6-0A52-456A-BEF2-37B9E616334D}.Debug|Any CPU.ActiveCfg = Debug|Any CPU
		{887A7BF6-0A52-456A-BEF2-37B9E616334D}.Debug|Any CPU.Build.0 = Debug|Any CPU
		{887A7BF6-0A52-456A-BEF2-37B9E616334D}.Release|Any CPU.ActiveCfg = Release|Any CPU
		{887A7BF6-0A52-456A-BEF2-37B9E616334D}.Release|Any CPU.Build.0 = Release|Any CPU
	EndGlobalSection
	GlobalSection(SolutionProperties) = preSolution
		HideSolutionNode = FALSE
	EndGlobalSection
	GlobalSection(ExtensibilityGlobals) = postSolution
		SolutionGuid = {7BDE0285-E906-453D-B59C-25F7D06EBE95}
	EndGlobalSection
EndGlobal
